// !$*UTF8*$!
{
	archiveVersion = 1;
	classes = {
	};
	objectVersion = 46;
	objects = {

/* Begin PBXAggregateTarget section */
		5695D6F31D3E29DC00AFCC92 /* Output */ = {
			isa = PBXAggregateTarget;
			buildConfigurationList = 5695D6F41D3E29DD00AFCC92 /* Build configuration list for PBXAggregateTarget "Output" */;
			buildPhases = (
				5695D6F71D3E29E000AFCC92 /* ShellScript */,
			);
			dependencies = (
			);
			name = Output;
			productName = Output;
		};
/* End PBXAggregateTarget section */

/* Begin PBXBuildFile section */
		5695D6301D3E278900AFCC92 /* YYBaseLib.h in Headers */ = {isa = PBXBuildFile; fileRef = 5695D62F1D3E278900AFCC92 /* YYBaseLib.h */; settings = {ATTRIBUTES = (Public, ); }; };
		5695D64A1D3E287000AFCC92 /* AppConfig.h in Headers */ = {isa = PBXBuildFile; fileRef = 5695D63D1D3E287000AFCC92 /* AppConfig.h */; settings = {ATTRIBUTES = (Public, ); }; };
		5695D64B1D3E287000AFCC92 /* ApiService.h in Headers */ = {isa = PBXBuildFile; fileRef = 5695D63E1D3E287000AFCC92 /* ApiService.h */; settings = {ATTRIBUTES = (Public, ); }; };
		5695D64C1D3E287000AFCC92 /* ApiService.m in Sources */ = {isa = PBXBuildFile; fileRef = 5695D63F1D3E287000AFCC92 /* ApiService.m */; };
		5695D64F1D3E287000AFCC92 /* AuthService.h in Headers */ = {isa = PBXBuildFile; fileRef = 5695D6421D3E287000AFCC92 /* AuthService.h */; settings = {ATTRIBUTES = (Public, ); }; };
		5695D6501D3E287000AFCC92 /* AuthService.m in Sources */ = {isa = PBXBuildFile; fileRef = 5695D6431D3E287000AFCC92 /* AuthService.m */; };
		5695D6531D3E287000AFCC92 /* CommonTool.h in Headers */ = {isa = PBXBuildFile; fileRef = 5695D6461D3E287000AFCC92 /* CommonTool.h */; settings = {ATTRIBUTES = (Public, ); }; };
		5695D6541D3E287000AFCC92 /* CommonTool.m in Sources */ = {isa = PBXBuildFile; fileRef = 5695D6471D3E287000AFCC92 /* CommonTool.m */; };
		5695D6551D3E287000AFCC92 /* PopupBaseView.h in Headers */ = {isa = PBXBuildFile; fileRef = 5695D6481D3E287000AFCC92 /* PopupBaseView.h */; settings = {ATTRIBUTES = (Public, ); }; };
		5695D6561D3E287000AFCC92 /* PopupBaseView.m in Sources */ = {isa = PBXBuildFile; fileRef = 5695D6491D3E287000AFCC92 /* PopupBaseView.m */; };
		5695D6AA1D3E28C000AFCC92 /* AFOAuth2Manager.h in Headers */ = {isa = PBXBuildFile; fileRef = 5695D6581D3E28C000AFCC92 /* AFOAuth2Manager.h */; settings = {ATTRIBUTES = (Public, ); }; };
		5695D6AB1D3E28C000AFCC92 /* AFOAuth2Manager.m in Sources */ = {isa = PBXBuildFile; fileRef = 5695D6591D3E28C000AFCC92 /* AFOAuth2Manager.m */; };
		5695D6AC1D3E28C000AFCC92 /* AFOAuth2RequestSerializer.h in Headers */ = {isa = PBXBuildFile; fileRef = 5695D65A1D3E28C000AFCC92 /* AFOAuth2RequestSerializer.h */; };
		5695D6AD1D3E28C000AFCC92 /* AFOAuth2RequestSerializer.m in Sources */ = {isa = PBXBuildFile; fileRef = 5695D65B1D3E28C000AFCC92 /* AFOAuth2RequestSerializer.m */; };
		5695D6AE1D3E28C000AFCC92 /* DataVerify.h in Headers */ = {isa = PBXBuildFile; fileRef = 5695D65D1D3E28C000AFCC92 /* DataVerify.h */; settings = {ATTRIBUTES = (Public, ); }; };
		5695D6AF1D3E28C000AFCC92 /* DataVerify.m in Sources */ = {isa = PBXBuildFile; fileRef = 5695D65E1D3E28C000AFCC92 /* DataVerify.m */; };
		5695D6B01D3E28C000AFCC92 /* FSMediaPicker.h in Headers */ = {isa = PBXBuildFile; fileRef = 5695D6601D3E28C000AFCC92 /* FSMediaPicker.h */; settings = {ATTRIBUTES = (Public, ); }; };
		5695D6B11D3E28C000AFCC92 /* FSMediaPicker.m in Sources */ = {isa = PBXBuildFile; fileRef = 5695D6611D3E28C000AFCC92 /* FSMediaPicker.m */; };
		5695D6B61D3E28C000AFCC92 /* MBProgressHUD+MBProgressHUD_Category.h in Headers */ = {isa = PBXBuildFile; fileRef = 5695D6681D3E28C000AFCC92 /* MBProgressHUD+MBProgressHUD_Category.h */; settings = {ATTRIBUTES = (Public, ); }; };
		5695D6B71D3E28C000AFCC92 /* MBProgressHUD+MBProgressHUD_Category.m in Sources */ = {isa = PBXBuildFile; fileRef = 5695D6691D3E28C000AFCC92 /* MBProgressHUD+MBProgressHUD_Category.m */; };
		5695D6B81D3E28C000AFCC92 /* MBProgressHUD.h in Headers */ = {isa = PBXBuildFile; fileRef = 5695D66A1D3E28C000AFCC92 /* MBProgressHUD.h */; settings = {ATTRIBUTES = (Public, ); }; };
		5695D6B91D3E28C000AFCC92 /* MBProgressHUD.m in Sources */ = {isa = PBXBuildFile; fileRef = 5695D66B1D3E28C000AFCC92 /* MBProgressHUD.m */; settings = {COMPILER_FLAGS = "-fno-objc-arc"; }; };
		5695D6BA1D3E28C000AFCC92 /* CategoryModel.h in Headers */ = {isa = PBXBuildFile; fileRef = 5695D66D1D3E28C000AFCC92 /* CategoryModel.h */; settings = {ATTRIBUTES = (Public, ); }; };
		5695D6BB1D3E28C000AFCC92 /* CategoryModel.m in Sources */ = {isa = PBXBuildFile; fileRef = 5695D66E1D3E28C000AFCC92 /* CategoryModel.m */; };
		5695D6BC1D3E28C000AFCC92 /* CityModel.h in Headers */ = {isa = PBXBuildFile; fileRef = 5695D66F1D3E28C000AFCC92 /* CityModel.h */; settings = {ATTRIBUTES = (Public, ); }; };
		5695D6BD1D3E28C000AFCC92 /* CityModel.m in Sources */ = {isa = PBXBuildFile; fileRef = 5695D6701D3E28C000AFCC92 /* CityModel.m */; };
		5695D6BE1D3E28C000AFCC92 /* ConsultGradeModel.h in Headers */ = {isa = PBXBuildFile; fileRef = 5695D6711D3E28C000AFCC92 /* ConsultGradeModel.h */; settings = {ATTRIBUTES = (Public, ); }; };
		5695D6BF1D3E28C000AFCC92 /* ConsultGradeModel.m in Sources */ = {isa = PBXBuildFile; fileRef = 5695D6721D3E28C000AFCC92 /* ConsultGradeModel.m */; };
		5695D6C01D3E28C000AFCC92 /* EnumModel.h in Headers */ = {isa = PBXBuildFile; fileRef = 5695D6731D3E28C000AFCC92 /* EnumModel.h */; settings = {ATTRIBUTES = (Public, ); }; };
		5695D6C11D3E28C000AFCC92 /* MenuModel.h in Headers */ = {isa = PBXBuildFile; fileRef = 5695D6741D3E28C000AFCC92 /* MenuModel.h */; settings = {ATTRIBUTES = (Public, ); }; };
		5695D6C21D3E28C000AFCC92 /* MenuModel.m in Sources */ = {isa = PBXBuildFile; fileRef = 5695D6751D3E28C000AFCC92 /* MenuModel.m */; };
		5695D6C31D3E28C000AFCC92 /* UsersModel.h in Headers */ = {isa = PBXBuildFile; fileRef = 5695D6761D3E28C000AFCC92 /* UsersModel.h */; settings = {ATTRIBUTES = (Public, ); }; };
		5695D6C41D3E28C000AFCC92 /* UsersModel.m in Sources */ = {isa = PBXBuildFile; fileRef = 5695D6771D3E28C000AFCC92 /* UsersModel.m */; };
		5695D6C51D3E28C000AFCC92 /* NSDataAdditions.h in Headers */ = {isa = PBXBuildFile; fileRef = 5695D6791D3E28C000AFCC92 /* NSDataAdditions.h */; settings = {ATTRIBUTES = (Public, ); }; };
		5695D6C61D3E28C000AFCC92 /* NSDataAdditions.m in Sources */ = {isa = PBXBuildFile; fileRef = 5695D67A1D3E28C000AFCC92 /* NSDataAdditions.m */; settings = {COMPILER_FLAGS = "-fno-objc-arc"; }; };
		5695D6C71D3E28C000AFCC92 /* NSDate_Extensions.h in Headers */ = {isa = PBXBuildFile; fileRef = 5695D67B1D3E28C000AFCC92 /* NSDate_Extensions.h */; settings = {ATTRIBUTES = (Public, ); }; };
		5695D6C81D3E28C000AFCC92 /* NSDate_Extensions.m in Sources */ = {isa = PBXBuildFile; fileRef = 5695D67C1D3E28C000AFCC92 /* NSDate_Extensions.m */; settings = {COMPILER_FLAGS = "-fno-objc-arc"; }; };
		5695D6C91D3E28C000AFCC92 /* NSDictionary_Extensions.h in Headers */ = {isa = PBXBuildFile; fileRef = 5695D67D1D3E28C000AFCC92 /* NSDictionary_Extensions.h */; settings = {ATTRIBUTES = (Public, ); }; };
		5695D6CA1D3E28C000AFCC92 /* NSDictionary_Extensions.m in Sources */ = {isa = PBXBuildFile; fileRef = 5695D67E1D3E28C000AFCC92 /* NSDictionary_Extensions.m */; };
		5695D6CB1D3E28C000AFCC92 /* NSObject_Extensions.h in Headers */ = {isa = PBXBuildFile; fileRef = 5695D67F1D3E28C000AFCC92 /* NSObject_Extensions.h */; settings = {ATTRIBUTES = (Public, ); }; };
		5695D6CC1D3E28C000AFCC92 /* NSObject_Extensions.m in Sources */ = {isa = PBXBuildFile; fileRef = 5695D6801D3E28C000AFCC92 /* NSObject_Extensions.m */; settings = {COMPILER_FLAGS = "-fno-objc-arc"; }; };
		5695D6CD1D3E28C000AFCC92 /* NSString_Extensions.h in Headers */ = {isa = PBXBuildFile; fileRef = 5695D6811D3E28C000AFCC92 /* NSString_Extensions.h */; settings = {ATTRIBUTES = (Public, ); }; };
		5695D6CE1D3E28C000AFCC92 /* NSString_Extensions.m in Sources */ = {isa = PBXBuildFile; fileRef = 5695D6821D3E28C000AFCC92 /* NSString_Extensions.m */; };
		5695D6CF1D3E28C000AFCC92 /* UIImageExtentions.h in Headers */ = {isa = PBXBuildFile; fileRef = 5695D6831D3E28C000AFCC92 /* UIImageExtentions.h */; settings = {ATTRIBUTES = (Public, ); }; };
		5695D6D01D3E28C000AFCC92 /* UIImageExtentions.m in Sources */ = {isa = PBXBuildFile; fileRef = 5695D6841D3E28C000AFCC92 /* UIImageExtentions.m */; };
		5695D6D11D3E28C000AFCC92 /* UILabel_Extensions.h in Headers */ = {isa = PBXBuildFile; fileRef = 5695D6851D3E28C000AFCC92 /* UILabel_Extensions.h */; settings = {ATTRIBUTES = (Public, ); }; };
		5695D6D21D3E28C000AFCC92 /* UILabel_Extensions.m in Sources */ = {isa = PBXBuildFile; fileRef = 5695D6861D3E28C000AFCC92 /* UILabel_Extensions.m */; };
		5695D6D31D3E28C000AFCC92 /* NSData+SDDataCache.h in Headers */ = {isa = PBXBuildFile; fileRef = 5695D6881D3E28C000AFCC92 /* NSData+SDDataCache.h */; };
		5695D6D41D3E28C000AFCC92 /* NSData+SDDataCache.m in Sources */ = {isa = PBXBuildFile; fileRef = 5695D6891D3E28C000AFCC92 /* NSData+SDDataCache.m */; };
		5695D6D51D3E28C000AFCC92 /* TAAbstractDotView.h in Headers */ = {isa = PBXBuildFile; fileRef = 5695D68B1D3E28C000AFCC92 /* TAAbstractDotView.h */; };
		5695D6D61D3E28C000AFCC92 /* TAAbstractDotView.m in Sources */ = {isa = PBXBuildFile; fileRef = 5695D68C1D3E28C000AFCC92 /* TAAbstractDotView.m */; };
		5695D6D71D3E28C000AFCC92 /* TAAnimatedDotView.h in Headers */ = {isa = PBXBuildFile; fileRef = 5695D68D1D3E28C000AFCC92 /* TAAnimatedDotView.h */; };
		5695D6D81D3E28C000AFCC92 /* TAAnimatedDotView.m in Sources */ = {isa = PBXBuildFile; fileRef = 5695D68E1D3E28C000AFCC92 /* TAAnimatedDotView.m */; };
		5695D6D91D3E28C000AFCC92 /* TADotView.h in Headers */ = {isa = PBXBuildFile; fileRef = 5695D68F1D3E28C000AFCC92 /* TADotView.h */; };
		5695D6DA1D3E28C000AFCC92 /* TADotView.m in Sources */ = {isa = PBXBuildFile; fileRef = 5695D6901D3E28C000AFCC92 /* TADotView.m */; };
		5695D6DB1D3E28C000AFCC92 /* TAPageControl.h in Headers */ = {isa = PBXBuildFile; fileRef = 5695D6911D3E28C000AFCC92 /* TAPageControl.h */; };
		5695D6DC1D3E28C000AFCC92 /* TAPageControl.m in Sources */ = {isa = PBXBuildFile; fileRef = 5695D6921D3E28C000AFCC92 /* TAPageControl.m */; };
		5695D6DD1D3E28C000AFCC92 /* SDCollectionViewCell.h in Headers */ = {isa = PBXBuildFile; fileRef = 5695D6931D3E28C000AFCC92 /* SDCollectionViewCell.h */; };
		5695D6DE1D3E28C000AFCC92 /* SDCollectionViewCell.m in Sources */ = {isa = PBXBuildFile; fileRef = 5695D6941D3E28C000AFCC92 /* SDCollectionViewCell.m */; };
		5695D6DF1D3E28C000AFCC92 /* SDCycleScrollView.h in Headers */ = {isa = PBXBuildFile; fileRef = 5695D6951D3E28C000AFCC92 /* SDCycleScrollView.h */; settings = {ATTRIBUTES = (Public, ); }; };
		5695D6E01D3E28C000AFCC92 /* SDCycleScrollView.m in Sources */ = {isa = PBXBuildFile; fileRef = 5695D6961D3E28C000AFCC92 /* SDCycleScrollView.m */; };
		5695D6E11D3E28C000AFCC92 /* UIView+SDExtension.h in Headers */ = {isa = PBXBuildFile; fileRef = 5695D6971D3E28C000AFCC92 /* UIView+SDExtension.h */; };
		5695D6E21D3E28C000AFCC92 /* UIView+SDExtension.m in Sources */ = {isa = PBXBuildFile; fileRef = 5695D6981D3E28C000AFCC92 /* UIView+SDExtension.m */; };
		5695D6E31D3E28C000AFCC92 /* UIButton+FillColor.h in Headers */ = {isa = PBXBuildFile; fileRef = 5695D69A1D3E28C000AFCC92 /* UIButton+FillColor.h */; settings = {ATTRIBUTES = (Public, ); }; };
		5695D6E41D3E28C000AFCC92 /* UIButton+FillColor.m in Sources */ = {isa = PBXBuildFile; fileRef = 5695D69B1D3E28C000AFCC92 /* UIButton+FillColor.m */; };
		5695D6E51D3E28C000AFCC92 /* UIColor_Extensions.h in Headers */ = {isa = PBXBuildFile; fileRef = 5695D69C1D3E28C000AFCC92 /* UIColor_Extensions.h */; settings = {ATTRIBUTES = (Public, ); }; };
		5695D6E61D3E28C000AFCC92 /* UIColor_Extensions.m in Sources */ = {isa = PBXBuildFile; fileRef = 5695D69D1D3E28C000AFCC92 /* UIColor_Extensions.m */; };
		5695D6E71D3E28C000AFCC92 /* UIImage+UIImage.h in Headers */ = {isa = PBXBuildFile; fileRef = 5695D69E1D3E28C000AFCC92 /* UIImage+UIImage.h */; settings = {ATTRIBUTES = (Public, ); }; };
		5695D6E81D3E28C000AFCC92 /* UIImage+UIImage.m in Sources */ = {isa = PBXBuildFile; fileRef = 5695D69F1D3E28C000AFCC92 /* UIImage+UIImage.m */; };
		5695D6E91D3E28C000AFCC92 /* UIImage+UIImageScale.h in Headers */ = {isa = PBXBuildFile; fileRef = 5695D6A01D3E28C000AFCC92 /* UIImage+UIImageScale.h */; settings = {ATTRIBUTES = (Public, ); }; };
		5695D6EA1D3E28C000AFCC92 /* UIImage+UIImageScale.m in Sources */ = {isa = PBXBuildFile; fileRef = 5695D6A11D3E28C000AFCC92 /* UIImage+UIImageScale.m */; };
		5695D6EB1D3E28C000AFCC92 /* UITableView+FDTemplateLayoutCell.h in Headers */ = {isa = PBXBuildFile; fileRef = 5695D6A21D3E28C000AFCC92 /* UITableView+FDTemplateLayoutCell.h */; settings = {ATTRIBUTES = (Public, ); }; };
		5695D6EC1D3E28C000AFCC92 /* UITableView+FDTemplateLayoutCell.m in Sources */ = {isa = PBXBuildFile; fileRef = 5695D6A31D3E28C000AFCC92 /* UITableView+FDTemplateLayoutCell.m */; };
		5695D6ED1D3E28C000AFCC92 /* UITextView+Placeholder.h in Headers */ = {isa = PBXBuildFile; fileRef = 5695D6A41D3E28C000AFCC92 /* UITextView+Placeholder.h */; settings = {ATTRIBUTES = (Public, ); }; };
		5695D6EE1D3E28C000AFCC92 /* UITextView+Placeholder.m in Sources */ = {isa = PBXBuildFile; fileRef = 5695D6A51D3E28C000AFCC92 /* UITextView+Placeholder.m */; };
		5695D6EF1D3E28C000AFCC92 /* UIView+extensions.h in Headers */ = {isa = PBXBuildFile; fileRef = 5695D6A61D3E28C000AFCC92 /* UIView+extensions.h */; settings = {ATTRIBUTES = (Public, ); }; };
		5695D6F01D3E28C000AFCC92 /* UIView+extensions.m in Sources */ = {isa = PBXBuildFile; fileRef = 5695D6A71D3E28C000AFCC92 /* UIView+extensions.m */; };
		5695D6F11D3E28C000AFCC92 /* UIView+Masonry.h in Headers */ = {isa = PBXBuildFile; fileRef = 5695D6A81D3E28C000AFCC92 /* UIView+Masonry.h */; settings = {ATTRIBUTES = (Public, ); }; };
		5695D6F21D3E28C000AFCC92 /* UIView+Masonry.m in Sources */ = {isa = PBXBuildFile; fileRef = 5695D6A91D3E28C000AFCC92 /* UIView+Masonry.m */; };
		56D0F44E1D3F17370008619C /* BaseViewController.h in Headers */ = {isa = PBXBuildFile; fileRef = 56D0F44C1D3F17370008619C /* BaseViewController.h */; settings = {ATTRIBUTES = (Public, ); }; };
		56D0F44F1D3F17370008619C /* BaseViewController.m in Sources */ = {isa = PBXBuildFile; fileRef = 56D0F44D1D3F17370008619C /* BaseViewController.m */; };
		56D0F4BD1D3F20960008619C /* AppManager.h in Headers */ = {isa = PBXBuildFile; fileRef = 56D0F4BB1D3F20960008619C /* AppManager.h */; settings = {ATTRIBUTES = (Public, ); }; };
		56D0F4BE1D3F20960008619C /* AppManager.m in Sources */ = {isa = PBXBuildFile; fileRef = 56D0F4BC1D3F20960008619C /* AppManager.m */; };
		AADF825B1487CA94E0D04BFC /* libPods-YYBaseLib.a in Frameworks */ = {isa = PBXBuildFile; fileRef = D91632A2C28E3B40E859EFBF /* libPods-YYBaseLib.a */; };
/* End PBXBuildFile section */

/* Begin PBXFileReference section */
		5695D62C1D3E278900AFCC92 /* YYBaseLib.framework */ = {isa = PBXFileReference; explicitFileType = wrapper.framework; includeInIndex = 0; path = YYBaseLib.framework; sourceTree = BUILT_PRODUCTS_DIR; };
		5695D62F1D3E278900AFCC92 /* YYBaseLib.h */ = {isa = PBXFileReference; lastKnownFileType = sourcecode.c.h; path = YYBaseLib.h; sourceTree = "<group>"; };
		5695D6311D3E278900AFCC92 /* Info.plist */ = {isa = PBXFileReference; lastKnownFileType = text.plist.xml; path = Info.plist; sourceTree = "<group>"; };
		5695D63D1D3E287000AFCC92 /* AppConfig.h */ = {isa = PBXFileReference; fileEncoding = 4; lastKnownFileType = sourcecode.c.h; path = AppConfig.h; sourceTree = "<group>"; };
		5695D63E1D3E287000AFCC92 /* ApiService.h */ = {isa = PBXFileReference; fileEncoding = 4; lastKnownFileType = sourcecode.c.h; path = ApiService.h; sourceTree = "<group>"; };
		5695D63F1D3E287000AFCC92 /* ApiService.m */ = {isa = PBXFileReference; fileEncoding = 4; lastKnownFileType = sourcecode.c.objc; path = ApiService.m; sourceTree = "<group>"; };
		5695D6421D3E287000AFCC92 /* AuthService.h */ = {isa = PBXFileReference; fileEncoding = 4; lastKnownFileType = sourcecode.c.h; path = AuthService.h; sourceTree = "<group>"; };
		5695D6431D3E287000AFCC92 /* AuthService.m */ = {isa = PBXFileReference; fileEncoding = 4; lastKnownFileType = sourcecode.c.objc; path = AuthService.m; sourceTree = "<group>"; };
		5695D6461D3E287000AFCC92 /* CommonTool.h */ = {isa = PBXFileReference; fileEncoding = 4; lastKnownFileType = sourcecode.c.h; path = CommonTool.h; sourceTree = "<group>"; };
		5695D6471D3E287000AFCC92 /* CommonTool.m */ = {isa = PBXFileReference; fileEncoding = 4; lastKnownFileType = sourcecode.c.objc; path = CommonTool.m; sourceTree = "<group>"; };
		5695D6481D3E287000AFCC92 /* PopupBaseView.h */ = {isa = PBXFileReference; fileEncoding = 4; lastKnownFileType = sourcecode.c.h; path = PopupBaseView.h; sourceTree = "<group>"; };
		5695D6491D3E287000AFCC92 /* PopupBaseView.m */ = {isa = PBXFileReference; fileEncoding = 4; lastKnownFileType = sourcecode.c.objc; path = PopupBaseView.m; sourceTree = "<group>"; };
		5695D6581D3E28C000AFCC92 /* AFOAuth2Manager.h */ = {isa = PBXFileReference; fileEncoding = 4; lastKnownFileType = sourcecode.c.h; path = AFOAuth2Manager.h; sourceTree = "<group>"; };
		5695D6591D3E28C000AFCC92 /* AFOAuth2Manager.m */ = {isa = PBXFileReference; fileEncoding = 4; lastKnownFileType = sourcecode.c.objc; path = AFOAuth2Manager.m; sourceTree = "<group>"; };
		5695D65A1D3E28C000AFCC92 /* AFOAuth2RequestSerializer.h */ = {isa = PBXFileReference; fileEncoding = 4; lastKnownFileType = sourcecode.c.h; path = AFOAuth2RequestSerializer.h; sourceTree = "<group>"; };
		5695D65B1D3E28C000AFCC92 /* AFOAuth2RequestSerializer.m */ = {isa = PBXFileReference; fileEncoding = 4; lastKnownFileType = sourcecode.c.objc; path = AFOAuth2RequestSerializer.m; sourceTree = "<group>"; };
		5695D65D1D3E28C000AFCC92 /* DataVerify.h */ = {isa = PBXFileReference; fileEncoding = 4; lastKnownFileType = sourcecode.c.h; path = DataVerify.h; sourceTree = "<group>"; };
		5695D65E1D3E28C000AFCC92 /* DataVerify.m */ = {isa = PBXFileReference; fileEncoding = 4; lastKnownFileType = sourcecode.c.objc; path = DataVerify.m; sourceTree = "<group>"; };
		5695D6601D3E28C000AFCC92 /* FSMediaPicker.h */ = {isa = PBXFileReference; fileEncoding = 4; lastKnownFileType = sourcecode.c.h; path = FSMediaPicker.h; sourceTree = "<group>"; };
		5695D6611D3E28C000AFCC92 /* FSMediaPicker.m */ = {isa = PBXFileReference; fileEncoding = 4; lastKnownFileType = sourcecode.c.objc; path = FSMediaPicker.m; sourceTree = "<group>"; };
		5695D6681D3E28C000AFCC92 /* MBProgressHUD+MBProgressHUD_Category.h */ = {isa = PBXFileReference; fileEncoding = 4; lastKnownFileType = sourcecode.c.h; path = "MBProgressHUD+MBProgressHUD_Category.h"; sourceTree = "<group>"; };
		5695D6691D3E28C000AFCC92 /* MBProgressHUD+MBProgressHUD_Category.m */ = {isa = PBXFileReference; fileEncoding = 4; lastKnownFileType = sourcecode.c.objc; path = "MBProgressHUD+MBProgressHUD_Category.m"; sourceTree = "<group>"; };
		5695D66A1D3E28C000AFCC92 /* MBProgressHUD.h */ = {isa = PBXFileReference; fileEncoding = 4; lastKnownFileType = sourcecode.c.h; path = MBProgressHUD.h; sourceTree = "<group>"; };
		5695D66B1D3E28C000AFCC92 /* MBProgressHUD.m */ = {isa = PBXFileReference; fileEncoding = 4; lastKnownFileType = sourcecode.c.objc; path = MBProgressHUD.m; sourceTree = "<group>"; };
		5695D66D1D3E28C000AFCC92 /* CategoryModel.h */ = {isa = PBXFileReference; fileEncoding = 4; lastKnownFileType = sourcecode.c.h; path = CategoryModel.h; sourceTree = "<group>"; };
		5695D66E1D3E28C000AFCC92 /* CategoryModel.m */ = {isa = PBXFileReference; fileEncoding = 4; lastKnownFileType = sourcecode.c.objc; path = CategoryModel.m; sourceTree = "<group>"; };
		5695D66F1D3E28C000AFCC92 /* CityModel.h */ = {isa = PBXFileReference; fileEncoding = 4; lastKnownFileType = sourcecode.c.h; path = CityModel.h; sourceTree = "<group>"; };
		5695D6701D3E28C000AFCC92 /* CityModel.m */ = {isa = PBXFileReference; fileEncoding = 4; lastKnownFileType = sourcecode.c.objc; path = CityModel.m; sourceTree = "<group>"; };
		5695D6711D3E28C000AFCC92 /* ConsultGradeModel.h */ = {isa = PBXFileReference; fileEncoding = 4; lastKnownFileType = sourcecode.c.h; path = ConsultGradeModel.h; sourceTree = "<group>"; };
		5695D6721D3E28C000AFCC92 /* ConsultGradeModel.m */ = {isa = PBXFileReference; fileEncoding = 4; lastKnownFileType = sourcecode.c.objc; path = ConsultGradeModel.m; sourceTree = "<group>"; };
		5695D6731D3E28C000AFCC92 /* EnumModel.h */ = {isa = PBXFileReference; fileEncoding = 4; lastKnownFileType = sourcecode.c.h; path = EnumModel.h; sourceTree = "<group>"; };
		5695D6741D3E28C000AFCC92 /* MenuModel.h */ = {isa = PBXFileReference; fileEncoding = 4; lastKnownFileType = sourcecode.c.h; path = MenuModel.h; sourceTree = "<group>"; };
		5695D6751D3E28C000AFCC92 /* MenuModel.m */ = {isa = PBXFileReference; fileEncoding = 4; lastKnownFileType = sourcecode.c.objc; path = MenuModel.m; sourceTree = "<group>"; };
		5695D6761D3E28C000AFCC92 /* UsersModel.h */ = {isa = PBXFileReference; fileEncoding = 4; lastKnownFileType = sourcecode.c.h; path = UsersModel.h; sourceTree = "<group>"; };
		5695D6771D3E28C000AFCC92 /* UsersModel.m */ = {isa = PBXFileReference; fileEncoding = 4; lastKnownFileType = sourcecode.c.objc; path = UsersModel.m; sourceTree = "<group>"; };
		5695D6791D3E28C000AFCC92 /* NSDataAdditions.h */ = {isa = PBXFileReference; fileEncoding = 4; lastKnownFileType = sourcecode.c.h; path = NSDataAdditions.h; sourceTree = "<group>"; };
		5695D67A1D3E28C000AFCC92 /* NSDataAdditions.m */ = {isa = PBXFileReference; fileEncoding = 4; lastKnownFileType = sourcecode.c.objc; path = NSDataAdditions.m; sourceTree = "<group>"; };
		5695D67B1D3E28C000AFCC92 /* NSDate_Extensions.h */ = {isa = PBXFileReference; fileEncoding = 4; lastKnownFileType = sourcecode.c.h; path = NSDate_Extensions.h; sourceTree = "<group>"; };
		5695D67C1D3E28C000AFCC92 /* NSDate_Extensions.m */ = {isa = PBXFileReference; fileEncoding = 4; lastKnownFileType = sourcecode.c.objc; path = NSDate_Extensions.m; sourceTree = "<group>"; };
		5695D67D1D3E28C000AFCC92 /* NSDictionary_Extensions.h */ = {isa = PBXFileReference; fileEncoding = 4; lastKnownFileType = sourcecode.c.h; path = NSDictionary_Extensions.h; sourceTree = "<group>"; };
		5695D67E1D3E28C000AFCC92 /* NSDictionary_Extensions.m */ = {isa = PBXFileReference; fileEncoding = 4; lastKnownFileType = sourcecode.c.objc; path = NSDictionary_Extensions.m; sourceTree = "<group>"; };
		5695D67F1D3E28C000AFCC92 /* NSObject_Extensions.h */ = {isa = PBXFileReference; fileEncoding = 4; lastKnownFileType = sourcecode.c.h; path = NSObject_Extensions.h; sourceTree = "<group>"; };
		5695D6801D3E28C000AFCC92 /* NSObject_Extensions.m */ = {isa = PBXFileReference; fileEncoding = 4; lastKnownFileType = sourcecode.c.objc; path = NSObject_Extensions.m; sourceTree = "<group>"; };
		5695D6811D3E28C000AFCC92 /* NSString_Extensions.h */ = {isa = PBXFileReference; fileEncoding = 4; lastKnownFileType = sourcecode.c.h; path = NSString_Extensions.h; sourceTree = "<group>"; };
		5695D6821D3E28C000AFCC92 /* NSString_Extensions.m */ = {isa = PBXFileReference; fileEncoding = 4; lastKnownFileType = sourcecode.c.objc; path = NSString_Extensions.m; sourceTree = "<group>"; };
		5695D6831D3E28C000AFCC92 /* UIImageExtentions.h */ = {isa = PBXFileReference; fileEncoding = 4; lastKnownFileType = sourcecode.c.h; path = UIImageExtentions.h; sourceTree = "<group>"; };
		5695D6841D3E28C000AFCC92 /* UIImageExtentions.m */ = {isa = PBXFileReference; fileEncoding = 4; lastKnownFileType = sourcecode.c.objc; path = UIImageExtentions.m; sourceTree = "<group>"; };
		5695D6851D3E28C000AFCC92 /* UILabel_Extensions.h */ = {isa = PBXFileReference; fileEncoding = 4; lastKnownFileType = sourcecode.c.h; path = UILabel_Extensions.h; sourceTree = "<group>"; };
		5695D6861D3E28C000AFCC92 /* UILabel_Extensions.m */ = {isa = PBXFileReference; fileEncoding = 4; lastKnownFileType = sourcecode.c.objc; path = UILabel_Extensions.m; sourceTree = "<group>"; };
		5695D6881D3E28C000AFCC92 /* NSData+SDDataCache.h */ = {isa = PBXFileReference; fileEncoding = 4; lastKnownFileType = sourcecode.c.h; path = "NSData+SDDataCache.h"; sourceTree = "<group>"; };
		5695D6891D3E28C000AFCC92 /* NSData+SDDataCache.m */ = {isa = PBXFileReference; fileEncoding = 4; lastKnownFileType = sourcecode.c.objc; path = "NSData+SDDataCache.m"; sourceTree = "<group>"; };
		5695D68B1D3E28C000AFCC92 /* TAAbstractDotView.h */ = {isa = PBXFileReference; fileEncoding = 4; lastKnownFileType = sourcecode.c.h; path = TAAbstractDotView.h; sourceTree = "<group>"; };
		5695D68C1D3E28C000AFCC92 /* TAAbstractDotView.m */ = {isa = PBXFileReference; fileEncoding = 4; lastKnownFileType = sourcecode.c.objc; path = TAAbstractDotView.m; sourceTree = "<group>"; };
		5695D68D1D3E28C000AFCC92 /* TAAnimatedDotView.h */ = {isa = PBXFileReference; fileEncoding = 4; lastKnownFileType = sourcecode.c.h; path = TAAnimatedDotView.h; sourceTree = "<group>"; };
		5695D68E1D3E28C000AFCC92 /* TAAnimatedDotView.m */ = {isa = PBXFileReference; fileEncoding = 4; lastKnownFileType = sourcecode.c.objc; path = TAAnimatedDotView.m; sourceTree = "<group>"; };
		5695D68F1D3E28C000AFCC92 /* TADotView.h */ = {isa = PBXFileReference; fileEncoding = 4; lastKnownFileType = sourcecode.c.h; path = TADotView.h; sourceTree = "<group>"; };
		5695D6901D3E28C000AFCC92 /* TADotView.m */ = {isa = PBXFileReference; fileEncoding = 4; lastKnownFileType = sourcecode.c.objc; path = TADotView.m; sourceTree = "<group>"; };
		5695D6911D3E28C000AFCC92 /* TAPageControl.h */ = {isa = PBXFileReference; fileEncoding = 4; lastKnownFileType = sourcecode.c.h; path = TAPageControl.h; sourceTree = "<group>"; };
		5695D6921D3E28C000AFCC92 /* TAPageControl.m */ = {isa = PBXFileReference; fileEncoding = 4; lastKnownFileType = sourcecode.c.objc; path = TAPageControl.m; sourceTree = "<group>"; };
		5695D6931D3E28C000AFCC92 /* SDCollectionViewCell.h */ = {isa = PBXFileReference; fileEncoding = 4; lastKnownFileType = sourcecode.c.h; path = SDCollectionViewCell.h; sourceTree = "<group>"; };
		5695D6941D3E28C000AFCC92 /* SDCollectionViewCell.m */ = {isa = PBXFileReference; fileEncoding = 4; lastKnownFileType = sourcecode.c.objc; path = SDCollectionViewCell.m; sourceTree = "<group>"; };
		5695D6951D3E28C000AFCC92 /* SDCycleScrollView.h */ = {isa = PBXFileReference; fileEncoding = 4; lastKnownFileType = sourcecode.c.h; path = SDCycleScrollView.h; sourceTree = "<group>"; };
		5695D6961D3E28C000AFCC92 /* SDCycleScrollView.m */ = {isa = PBXFileReference; fileEncoding = 4; lastKnownFileType = sourcecode.c.objc; path = SDCycleScrollView.m; sourceTree = "<group>"; };
		5695D6971D3E28C000AFCC92 /* UIView+SDExtension.h */ = {isa = PBXFileReference; fileEncoding = 4; lastKnownFileType = sourcecode.c.h; path = "UIView+SDExtension.h"; sourceTree = "<group>"; };
		5695D6981D3E28C000AFCC92 /* UIView+SDExtension.m */ = {isa = PBXFileReference; fileEncoding = 4; lastKnownFileType = sourcecode.c.objc; path = "UIView+SDExtension.m"; sourceTree = "<group>"; };
		5695D69A1D3E28C000AFCC92 /* UIButton+FillColor.h */ = {isa = PBXFileReference; fileEncoding = 4; lastKnownFileType = sourcecode.c.h; path = "UIButton+FillColor.h"; sourceTree = "<group>"; };
		5695D69B1D3E28C000AFCC92 /* UIButton+FillColor.m */ = {isa = PBXFileReference; fileEncoding = 4; lastKnownFileType = sourcecode.c.objc; path = "UIButton+FillColor.m"; sourceTree = "<group>"; };
		5695D69C1D3E28C000AFCC92 /* UIColor_Extensions.h */ = {isa = PBXFileReference; fileEncoding = 4; lastKnownFileType = sourcecode.c.h; path = UIColor_Extensions.h; sourceTree = "<group>"; };
		5695D69D1D3E28C000AFCC92 /* UIColor_Extensions.m */ = {isa = PBXFileReference; fileEncoding = 4; lastKnownFileType = sourcecode.c.objc; path = UIColor_Extensions.m; sourceTree = "<group>"; };
		5695D69E1D3E28C000AFCC92 /* UIImage+UIImage.h */ = {isa = PBXFileReference; fileEncoding = 4; lastKnownFileType = sourcecode.c.h; path = "UIImage+UIImage.h"; sourceTree = "<group>"; };
		5695D69F1D3E28C000AFCC92 /* UIImage+UIImage.m */ = {isa = PBXFileReference; fileEncoding = 4; lastKnownFileType = sourcecode.c.objc; path = "UIImage+UIImage.m"; sourceTree = "<group>"; };
		5695D6A01D3E28C000AFCC92 /* UIImage+UIImageScale.h */ = {isa = PBXFileReference; fileEncoding = 4; lastKnownFileType = sourcecode.c.h; path = "UIImage+UIImageScale.h"; sourceTree = "<group>"; };
		5695D6A11D3E28C000AFCC92 /* UIImage+UIImageScale.m */ = {isa = PBXFileReference; fileEncoding = 4; lastKnownFileType = sourcecode.c.objc; path = "UIImage+UIImageScale.m"; sourceTree = "<group>"; };
		5695D6A21D3E28C000AFCC92 /* UITableView+FDTemplateLayoutCell.h */ = {isa = PBXFileReference; fileEncoding = 4; lastKnownFileType = sourcecode.c.h; path = "UITableView+FDTemplateLayoutCell.h"; sourceTree = "<group>"; };
		5695D6A31D3E28C000AFCC92 /* UITableView+FDTemplateLayoutCell.m */ = {isa = PBXFileReference; fileEncoding = 4; lastKnownFileType = sourcecode.c.objc; path = "UITableView+FDTemplateLayoutCell.m"; sourceTree = "<group>"; };
		5695D6A41D3E28C000AFCC92 /* UITextView+Placeholder.h */ = {isa = PBXFileReference; fileEncoding = 4; lastKnownFileType = sourcecode.c.h; path = "UITextView+Placeholder.h"; sourceTree = "<group>"; };
		5695D6A51D3E28C000AFCC92 /* UITextView+Placeholder.m */ = {isa = PBXFileReference; fileEncoding = 4; lastKnownFileType = sourcecode.c.objc; path = "UITextView+Placeholder.m"; sourceTree = "<group>"; };
		5695D6A61D3E28C000AFCC92 /* UIView+extensions.h */ = {isa = PBXFileReference; fileEncoding = 4; lastKnownFileType = sourcecode.c.h; path = "UIView+extensions.h"; sourceTree = "<group>"; };
		5695D6A71D3E28C000AFCC92 /* UIView+extensions.m */ = {isa = PBXFileReference; fileEncoding = 4; lastKnownFileType = sourcecode.c.objc; path = "UIView+extensions.m"; sourceTree = "<group>"; };
		5695D6A81D3E28C000AFCC92 /* UIView+Masonry.h */ = {isa = PBXFileReference; fileEncoding = 4; lastKnownFileType = sourcecode.c.h; path = "UIView+Masonry.h"; sourceTree = "<group>"; };
		5695D6A91D3E28C000AFCC92 /* UIView+Masonry.m */ = {isa = PBXFileReference; fileEncoding = 4; lastKnownFileType = sourcecode.c.objc; path = "UIView+Masonry.m"; sourceTree = "<group>"; };
		56D0F44C1D3F17370008619C /* BaseViewController.h */ = {isa = PBXFileReference; fileEncoding = 4; lastKnownFileType = sourcecode.c.h; path = BaseViewController.h; sourceTree = "<group>"; };
		56D0F44D1D3F17370008619C /* BaseViewController.m */ = {isa = PBXFileReference; fileEncoding = 4; lastKnownFileType = sourcecode.c.objc; path = BaseViewController.m; sourceTree = "<group>"; };
		56D0F4BB1D3F20960008619C /* AppManager.h */ = {isa = PBXFileReference; fileEncoding = 4; lastKnownFileType = sourcecode.c.h; path = AppManager.h; sourceTree = "<group>"; };
		56D0F4BC1D3F20960008619C /* AppManager.m */ = {isa = PBXFileReference; fileEncoding = 4; lastKnownFileType = sourcecode.c.objc; path = AppManager.m; sourceTree = "<group>"; };
		B8468141017D91B1C8726C48 /* Pods-YYBaseLib.release.xcconfig */ = {isa = PBXFileReference; includeInIndex = 1; lastKnownFileType = text.xcconfig; name = "Pods-YYBaseLib.release.xcconfig"; path = "Pods/Target Support Files/Pods-YYBaseLib/Pods-YYBaseLib.release.xcconfig"; sourceTree = "<group>"; };
		D91632A2C28E3B40E859EFBF /* libPods-YYBaseLib.a */ = {isa = PBXFileReference; explicitFileType = archive.ar; includeInIndex = 0; path = "libPods-YYBaseLib.a"; sourceTree = BUILT_PRODUCTS_DIR; };
		FBE88D6C3F34FD9141CC9103 /* Pods-YYBaseLib.debug.xcconfig */ = {isa = PBXFileReference; includeInIndex = 1; lastKnownFileType = text.xcconfig; name = "Pods-YYBaseLib.debug.xcconfig"; path = "Pods/Target Support Files/Pods-YYBaseLib/Pods-YYBaseLib.debug.xcconfig"; sourceTree = "<group>"; };
/* End PBXFileReference section */

/* Begin PBXFrameworksBuildPhase section */
		5695D6281D3E278900AFCC92 /* Frameworks */ = {
			isa = PBXFrameworksBuildPhase;
			buildActionMask = 2147483647;
			files = (
				AADF825B1487CA94E0D04BFC /* libPods-YYBaseLib.a in Frameworks */,
			);
			runOnlyForDeploymentPostprocessing = 0;
		};
/* End PBXFrameworksBuildPhase section */

/* Begin PBXGroup section */
		5695D6221D3E278900AFCC92 = {
			isa = PBXGroup;
			children = (
				5695D62E1D3E278900AFCC92 /* YYBaseLib */,
				5695D62D1D3E278900AFCC92 /* Products */,
				E70AA3B378820A8A942D715F /* Pods */,
				F9235AB6ECB220C02BE3524C /* Frameworks */,
			);
			sourceTree = "<group>";
		};
		5695D62D1D3E278900AFCC92 /* Products */ = {
			isa = PBXGroup;
			children = (
				5695D62C1D3E278900AFCC92 /* YYBaseLib.framework */,
			);
			name = Products;
			sourceTree = "<group>";
		};
		5695D62E1D3E278900AFCC92 /* YYBaseLib */ = {
			isa = PBXGroup;
			children = (
				5695D62F1D3E278900AFCC92 /* YYBaseLib.h */,
				5695D63D1D3E287000AFCC92 /* AppConfig.h */,
				5695D63E1D3E287000AFCC92 /* ApiService.h */,
				5695D63F1D3E287000AFCC92 /* ApiService.m */,
				5695D6421D3E287000AFCC92 /* AuthService.h */,
				5695D6431D3E287000AFCC92 /* AuthService.m */,
				56D0F4BB1D3F20960008619C /* AppManager.h */,
				56D0F4BC1D3F20960008619C /* AppManager.m */,
				5695D6461D3E287000AFCC92 /* CommonTool.h */,
				5695D6471D3E287000AFCC92 /* CommonTool.m */,
				5695D6481D3E287000AFCC92 /* PopupBaseView.h */,
				5695D6491D3E287000AFCC92 /* PopupBaseView.m */,
				56D0F44C1D3F17370008619C /* BaseViewController.h */,
				56D0F44D1D3F17370008619C /* BaseViewController.m */,
				5695D6571D3E28C000AFCC92 /* AFOAuth2Manager */,
				5695D65C1D3E28C000AFCC92 /* DataVerify */,
				5695D65F1D3E28C000AFCC92 /* FSMediaPicker */,
				5695D6671D3E28C000AFCC92 /* MBProgressHUD */,
				5695D66C1D3E28C000AFCC92 /* Model */,
				5695D6781D3E28C000AFCC92 /* NS_Extensions */,
				5695D6871D3E28C000AFCC92 /* SDCycleScrollView */,
				5695D6991D3E28C000AFCC92 /* UI_Extensions */,
				5695D6311D3E278900AFCC92 /* Info.plist */,
			);
			path = YYBaseLib;
			sourceTree = "<group>";
		};
		5695D6571D3E28C000AFCC92 /* AFOAuth2Manager */ = {
			isa = PBXGroup;
			children = (
				5695D6581D3E28C000AFCC92 /* AFOAuth2Manager.h */,
				5695D6591D3E28C000AFCC92 /* AFOAuth2Manager.m */,
				5695D65A1D3E28C000AFCC92 /* AFOAuth2RequestSerializer.h */,
				5695D65B1D3E28C000AFCC92 /* AFOAuth2RequestSerializer.m */,
			);
			path = AFOAuth2Manager;
			sourceTree = "<group>";
		};
		5695D65C1D3E28C000AFCC92 /* DataVerify */ = {
			isa = PBXGroup;
			children = (
				5695D65D1D3E28C000AFCC92 /* DataVerify.h */,
				5695D65E1D3E28C000AFCC92 /* DataVerify.m */,
			);
			path = DataVerify;
			sourceTree = "<group>";
		};
		5695D65F1D3E28C000AFCC92 /* FSMediaPicker */ = {
			isa = PBXGroup;
			children = (
				5695D6601D3E28C000AFCC92 /* FSMediaPicker.h */,
				5695D6611D3E28C000AFCC92 /* FSMediaPicker.m */,
			);
			path = FSMediaPicker;
			sourceTree = "<group>";
		};
		5695D6671D3E28C000AFCC92 /* MBProgressHUD */ = {
			isa = PBXGroup;
			children = (
				5695D6681D3E28C000AFCC92 /* MBProgressHUD+MBProgressHUD_Category.h */,
				5695D6691D3E28C000AFCC92 /* MBProgressHUD+MBProgressHUD_Category.m */,
				5695D66A1D3E28C000AFCC92 /* MBProgressHUD.h */,
				5695D66B1D3E28C000AFCC92 /* MBProgressHUD.m */,
			);
			path = MBProgressHUD;
			sourceTree = "<group>";
		};
		5695D66C1D3E28C000AFCC92 /* Model */ = {
			isa = PBXGroup;
			children = (
				5695D66D1D3E28C000AFCC92 /* CategoryModel.h */,
				5695D66E1D3E28C000AFCC92 /* CategoryModel.m */,
				5695D66F1D3E28C000AFCC92 /* CityModel.h */,
				5695D6701D3E28C000AFCC92 /* CityModel.m */,
				5695D6711D3E28C000AFCC92 /* ConsultGradeModel.h */,
				5695D6721D3E28C000AFCC92 /* ConsultGradeModel.m */,
				5695D6731D3E28C000AFCC92 /* EnumModel.h */,
				5695D6741D3E28C000AFCC92 /* MenuModel.h */,
				5695D6751D3E28C000AFCC92 /* MenuModel.m */,
				5695D6761D3E28C000AFCC92 /* UsersModel.h */,
				5695D6771D3E28C000AFCC92 /* UsersModel.m */,
			);
			path = Model;
			sourceTree = "<group>";
		};
		5695D6781D3E28C000AFCC92 /* NS_Extensions */ = {
			isa = PBXGroup;
			children = (
				5695D6791D3E28C000AFCC92 /* NSDataAdditions.h */,
				5695D67A1D3E28C000AFCC92 /* NSDataAdditions.m */,
				5695D67B1D3E28C000AFCC92 /* NSDate_Extensions.h */,
				5695D67C1D3E28C000AFCC92 /* NSDate_Extensions.m */,
				5695D67D1D3E28C000AFCC92 /* NSDictionary_Extensions.h */,
				5695D67E1D3E28C000AFCC92 /* NSDictionary_Extensions.m */,
				5695D67F1D3E28C000AFCC92 /* NSObject_Extensions.h */,
				5695D6801D3E28C000AFCC92 /* NSObject_Extensions.m */,
				5695D6811D3E28C000AFCC92 /* NSString_Extensions.h */,
				5695D6821D3E28C000AFCC92 /* NSString_Extensions.m */,
				5695D6831D3E28C000AFCC92 /* UIImageExtentions.h */,
				5695D6841D3E28C000AFCC92 /* UIImageExtentions.m */,
				5695D6851D3E28C000AFCC92 /* UILabel_Extensions.h */,
				5695D6861D3E28C000AFCC92 /* UILabel_Extensions.m */,
			);
			path = NS_Extensions;
			sourceTree = "<group>";
		};
		5695D6871D3E28C000AFCC92 /* SDCycleScrollView */ = {
			isa = PBXGroup;
			children = (
				5695D6881D3E28C000AFCC92 /* NSData+SDDataCache.h */,
				5695D6891D3E28C000AFCC92 /* NSData+SDDataCache.m */,
				5695D68A1D3E28C000AFCC92 /* PageControl */,
				5695D6931D3E28C000AFCC92 /* SDCollectionViewCell.h */,
				5695D6941D3E28C000AFCC92 /* SDCollectionViewCell.m */,
				5695D6951D3E28C000AFCC92 /* SDCycleScrollView.h */,
				5695D6961D3E28C000AFCC92 /* SDCycleScrollView.m */,
				5695D6971D3E28C000AFCC92 /* UIView+SDExtension.h */,
				5695D6981D3E28C000AFCC92 /* UIView+SDExtension.m */,
			);
			path = SDCycleScrollView;
			sourceTree = "<group>";
		};
		5695D68A1D3E28C000AFCC92 /* PageControl */ = {
			isa = PBXGroup;
			children = (
				5695D68B1D3E28C000AFCC92 /* TAAbstractDotView.h */,
				5695D68C1D3E28C000AFCC92 /* TAAbstractDotView.m */,
				5695D68D1D3E28C000AFCC92 /* TAAnimatedDotView.h */,
				5695D68E1D3E28C000AFCC92 /* TAAnimatedDotView.m */,
				5695D68F1D3E28C000AFCC92 /* TADotView.h */,
				5695D6901D3E28C000AFCC92 /* TADotView.m */,
				5695D6911D3E28C000AFCC92 /* TAPageControl.h */,
				5695D6921D3E28C000AFCC92 /* TAPageControl.m */,
			);
			path = PageControl;
			sourceTree = "<group>";
		};
		5695D6991D3E28C000AFCC92 /* UI_Extensions */ = {
			isa = PBXGroup;
			children = (
				5695D69A1D3E28C000AFCC92 /* UIButton+FillColor.h */,
				5695D69B1D3E28C000AFCC92 /* UIButton+FillColor.m */,
				5695D69C1D3E28C000AFCC92 /* UIColor_Extensions.h */,
				5695D69D1D3E28C000AFCC92 /* UIColor_Extensions.m */,
				5695D69E1D3E28C000AFCC92 /* UIImage+UIImage.h */,
				5695D69F1D3E28C000AFCC92 /* UIImage+UIImage.m */,
				5695D6A01D3E28C000AFCC92 /* UIImage+UIImageScale.h */,
				5695D6A11D3E28C000AFCC92 /* UIImage+UIImageScale.m */,
				5695D6A21D3E28C000AFCC92 /* UITableView+FDTemplateLayoutCell.h */,
				5695D6A31D3E28C000AFCC92 /* UITableView+FDTemplateLayoutCell.m */,
				5695D6A41D3E28C000AFCC92 /* UITextView+Placeholder.h */,
				5695D6A51D3E28C000AFCC92 /* UITextView+Placeholder.m */,
				5695D6A61D3E28C000AFCC92 /* UIView+extensions.h */,
				5695D6A71D3E28C000AFCC92 /* UIView+extensions.m */,
				5695D6A81D3E28C000AFCC92 /* UIView+Masonry.h */,
				5695D6A91D3E28C000AFCC92 /* UIView+Masonry.m */,
			);
			path = UI_Extensions;
			sourceTree = "<group>";
		};
		E70AA3B378820A8A942D715F /* Pods */ = {
			isa = PBXGroup;
			children = (
				FBE88D6C3F34FD9141CC9103 /* Pods-YYBaseLib.debug.xcconfig */,
				B8468141017D91B1C8726C48 /* Pods-YYBaseLib.release.xcconfig */,
			);
			name = Pods;
			sourceTree = "<group>";
		};
		F9235AB6ECB220C02BE3524C /* Frameworks */ = {
			isa = PBXGroup;
			children = (
				D91632A2C28E3B40E859EFBF /* libPods-YYBaseLib.a */,
			);
			name = Frameworks;
			sourceTree = "<group>";
		};
/* End PBXGroup section */

/* Begin PBXHeadersBuildPhase section */
		5695D6291D3E278900AFCC92 /* Headers */ = {
			isa = PBXHeadersBuildPhase;
			buildActionMask = 2147483647;
			files = (
				5695D6CB1D3E28C000AFCC92 /* NSObject_Extensions.h in Headers */,
				5695D6B61D3E28C000AFCC92 /* MBProgressHUD+MBProgressHUD_Category.h in Headers */,
				5695D6BE1D3E28C000AFCC92 /* ConsultGradeModel.h in Headers */,
				5695D6E51D3E28C000AFCC92 /* UIColor_Extensions.h in Headers */,
				5695D64A1D3E287000AFCC92 /* AppConfig.h in Headers */,
				5695D6C91D3E28C000AFCC92 /* NSDictionary_Extensions.h in Headers */,
				5695D6CD1D3E28C000AFCC92 /* NSString_Extensions.h in Headers */,
				5695D6D11D3E28C000AFCC92 /* UILabel_Extensions.h in Headers */,
				5695D6C11D3E28C000AFCC92 /* MenuModel.h in Headers */,
				5695D6AE1D3E28C000AFCC92 /* DataVerify.h in Headers */,
				5695D64F1D3E287000AFCC92 /* AuthService.h in Headers */,
				5695D6C71D3E28C000AFCC92 /* NSDate_Extensions.h in Headers */,
				5695D6B01D3E28C000AFCC92 /* FSMediaPicker.h in Headers */,
				5695D6301D3E278900AFCC92 /* YYBaseLib.h in Headers */,
				5695D6BC1D3E28C000AFCC92 /* CityModel.h in Headers */,
				5695D6E91D3E28C000AFCC92 /* UIImage+UIImageScale.h in Headers */,
				5695D6C01D3E28C000AFCC92 /* EnumModel.h in Headers */,
				5695D6C31D3E28C000AFCC92 /* UsersModel.h in Headers */,
				5695D6ED1D3E28C000AFCC92 /* UITextView+Placeholder.h in Headers */,
				5695D6CF1D3E28C000AFCC92 /* UIImageExtentions.h in Headers */,
				5695D6E71D3E28C000AFCC92 /* UIImage+UIImage.h in Headers */,
				5695D6BA1D3E28C000AFCC92 /* CategoryModel.h in Headers */,
				5695D6B81D3E28C000AFCC92 /* MBProgressHUD.h in Headers */,
				5695D6EB1D3E28C000AFCC92 /* UITableView+FDTemplateLayoutCell.h in Headers */,
				5695D6F11D3E28C000AFCC92 /* UIView+Masonry.h in Headers */,
				5695D6EF1D3E28C000AFCC92 /* UIView+extensions.h in Headers */,
				5695D64B1D3E287000AFCC92 /* ApiService.h in Headers */,
				5695D6E31D3E28C000AFCC92 /* UIButton+FillColor.h in Headers */,
				5695D6531D3E287000AFCC92 /* CommonTool.h in Headers */,
				5695D6C51D3E28C000AFCC92 /* NSDataAdditions.h in Headers */,
				56D0F4BD1D3F20960008619C /* AppManager.h in Headers */,
				5695D6DF1D3E28C000AFCC92 /* SDCycleScrollView.h in Headers */,
				56D0F44E1D3F17370008619C /* BaseViewController.h in Headers */,
				5695D6551D3E287000AFCC92 /* PopupBaseView.h in Headers */,
				5695D6AA1D3E28C000AFCC92 /* AFOAuth2Manager.h in Headers */,
				5695D6DB1D3E28C000AFCC92 /* TAPageControl.h in Headers */,
				5695D6AC1D3E28C000AFCC92 /* AFOAuth2RequestSerializer.h in Headers */,
				5695D6DD1D3E28C000AFCC92 /* SDCollectionViewCell.h in Headers */,
				5695D6D71D3E28C000AFCC92 /* TAAnimatedDotView.h in Headers */,
				5695D6D91D3E28C000AFCC92 /* TADotView.h in Headers */,
				5695D6E11D3E28C000AFCC92 /* UIView+SDExtension.h in Headers */,
				5695D6D51D3E28C000AFCC92 /* TAAbstractDotView.h in Headers */,
				5695D6D31D3E28C000AFCC92 /* NSData+SDDataCache.h in Headers */,
			);
			runOnlyForDeploymentPostprocessing = 0;
		};
/* End PBXHeadersBuildPhase section */

/* Begin PBXNativeTarget section */
		5695D62B1D3E278900AFCC92 /* YYBaseLib */ = {
			isa = PBXNativeTarget;
			buildConfigurationList = 5695D6341D3E278900AFCC92 /* Build configuration list for PBXNativeTarget "YYBaseLib" */;
			buildPhases = (
				635CF249C95A3A1DAC6DDDCA /* Check Pods Manifest.lock */,
				5695D6271D3E278900AFCC92 /* Sources */,
				5695D6281D3E278900AFCC92 /* Frameworks */,
				5695D6291D3E278900AFCC92 /* Headers */,
				5695D62A1D3E278900AFCC92 /* Resources */,
				6CB7F5D4BAFB492343A39369 /* Copy Pods Resources */,
			);
			buildRules = (
			);
			dependencies = (
			);
			name = YYBaseLib;
			productName = YYBaseLib;
			productReference = 5695D62C1D3E278900AFCC92 /* YYBaseLib.framework */;
			productType = "com.apple.product-type.framework";
		};
/* End PBXNativeTarget section */

/* Begin PBXProject section */
		5695D6231D3E278900AFCC92 /* Project object */ = {
			isa = PBXProject;
			attributes = {
				LastUpgradeCheck = 0730;
				ORGANIZATIONNAME = "银羽网络";
				TargetAttributes = {
					5695D62B1D3E278900AFCC92 = {
						CreatedOnToolsVersion = 7.3.1;
					};
					5695D6F31D3E29DC00AFCC92 = {
						CreatedOnToolsVersion = 7.3.1;
					};
				};
			};
			buildConfigurationList = 5695D6261D3E278900AFCC92 /* Build configuration list for PBXProject "YYBaseLib" */;
			compatibilityVersion = "Xcode 3.2";
			developmentRegion = English;
			hasScannedForEncodings = 0;
			knownRegions = (
				en,
			);
			mainGroup = 5695D6221D3E278900AFCC92;
			productRefGroup = 5695D62D1D3E278900AFCC92 /* Products */;
			projectDirPath = "";
			projectRoot = "";
			targets = (
				5695D62B1D3E278900AFCC92 /* YYBaseLib */,
				5695D6F31D3E29DC00AFCC92 /* Output */,
			);
		};
/* End PBXProject section */

/* Begin PBXResourcesBuildPhase section */
		5695D62A1D3E278900AFCC92 /* Resources */ = {
			isa = PBXResourcesBuildPhase;
			buildActionMask = 2147483647;
			files = (
			);
			runOnlyForDeploymentPostprocessing = 0;
		};
/* End PBXResourcesBuildPhase section */

/* Begin PBXShellScriptBuildPhase section */
		5695D6F71D3E29E000AFCC92 /* ShellScript */ = {
			isa = PBXShellScriptBuildPhase;
			buildActionMask = 2147483647;
			files = (
			);
			inputPaths = (
			);
			outputPaths = (
			);
			runOnlyForDeploymentPostprocessing = 0;
			shellPath = /bin/sh;
			shellScript = "if [ \"${ACTION}\" = \"build\" ]\nthen\nINSTALL_DIR=${SRCROOT}/Products/${PROJECT_NAME}.framework\n\nDEVICE_DIR=${BUILD_ROOT}/${CONFIGURATION}-iphoneos/${PROJECT_NAME}.framework\n\nSIMULATOR_DIR=${BUILD_ROOT}/${CONFIGURATION}-iphonesimulator/${PROJECT_NAME}.framework\n\n\nif [ -d \"${INSTALL_DIR}\" ]\nthen\nrm -rf \"${INSTALL_DIR}\"\nfi\n\nmkdir -p \"${INSTALL_DIR}\"\n\ncp -R \"${DEVICE_DIR}/\" \"${INSTALL_DIR}/\"\n#ditto \"${DEVICE_DIR}/Headers\" \"${INSTALL_DIR}/Headers\"\n\nlipo -create \"${DEVICE_DIR}/${PROJECT_NAME}\" \"${SIMULATOR_DIR}/${PROJECT_NAME}\" -output \"${INSTALL_DIR}/${PROJECT_NAME}\"\n\n#open \"${DEVICE_DIR}\"\n#open \"${SRCROOT}/Products\"\nfi";
		};
		635CF249C95A3A1DAC6DDDCA /* Check Pods Manifest.lock */ = {
			isa = PBXShellScriptBuildPhase;
			buildActionMask = 2147483647;
			files = (
			);
			inputPaths = (
			);
			name = "Check Pods Manifest.lock";
			outputPaths = (
			);
			runOnlyForDeploymentPostprocessing = 0;
			shellPath = /bin/sh;
			shellScript = "diff \"${PODS_ROOT}/../Podfile.lock\" \"${PODS_ROOT}/Manifest.lock\" > /dev/null\nif [[ $? != 0 ]] ; then\n    cat << EOM\nerror: The sandbox is not in sync with the Podfile.lock. Run 'pod install' or update your CocoaPods installation.\nEOM\n    exit 1\nfi\n";
			showEnvVarsInLog = 0;
		};
		6CB7F5D4BAFB492343A39369 /* Copy Pods Resources */ = {
			isa = PBXShellScriptBuildPhase;
			buildActionMask = 2147483647;
			files = (
			);
			inputPaths = (
			);
			name = "Copy Pods Resources";
			outputPaths = (
			);
			runOnlyForDeploymentPostprocessing = 0;
			shellPath = /bin/sh;
			shellScript = "\"${SRCROOT}/Pods/Target Support Files/Pods-YYBaseLib/Pods-YYBaseLib-resources.sh\"\n";
			showEnvVarsInLog = 0;
		};
/* End PBXShellScriptBuildPhase section */

/* Begin PBXSourcesBuildPhase section */
		5695D6271D3E278900AFCC92 /* Sources */ = {
			isa = PBXSourcesBuildPhase;
			buildActionMask = 2147483647;
			files = (
				5695D6BD1D3E28C000AFCC92 /* CityModel.m in Sources */,
				5695D6D41D3E28C000AFCC92 /* NSData+SDDataCache.m in Sources */,
				5695D6C81D3E28C000AFCC92 /* NSDate_Extensions.m in Sources */,
				5695D6CC1D3E28C000AFCC92 /* NSObject_Extensions.m in Sources */,
				5695D6501D3E287000AFCC92 /* AuthService.m in Sources */,
				56D0F4BE1D3F20960008619C /* AppManager.m in Sources */,
				5695D6541D3E287000AFCC92 /* CommonTool.m in Sources */,
				5695D6BF1D3E28C000AFCC92 /* ConsultGradeModel.m in Sources */,
				5695D6F01D3E28C000AFCC92 /* UIView+extensions.m in Sources */,
				5695D6E01D3E28C000AFCC92 /* SDCycleScrollView.m in Sources */,
				5695D6EA1D3E28C000AFCC92 /* UIImage+UIImageScale.m in Sources */,
				5695D6C21D3E28C000AFCC92 /* MenuModel.m in Sources */,
				5695D6C61D3E28C000AFCC92 /* NSDataAdditions.m in Sources */,
				5695D6E61D3E28C000AFCC92 /* UIColor_Extensions.m in Sources */,
				5695D6CA1D3E28C000AFCC92 /* NSDictionary_Extensions.m in Sources */,
				5695D6AB1D3E28C000AFCC92 /* AFOAuth2Manager.m in Sources */,
				5695D6D01D3E28C000AFCC92 /* UIImageExtentions.m in Sources */,
				5695D6B11D3E28C000AFCC92 /* FSMediaPicker.m in Sources */,
				5695D6E21D3E28C000AFCC92 /* UIView+SDExtension.m in Sources */,
				56D0F44F1D3F17370008619C /* BaseViewController.m in Sources */,
				5695D6E41D3E28C000AFCC92 /* UIButton+FillColor.m in Sources */,
				5695D6DC1D3E28C000AFCC92 /* TAPageControl.m in Sources */,
				5695D6DE1D3E28C000AFCC92 /* SDCollectionViewCell.m in Sources */,
				5695D6AF1D3E28C000AFCC92 /* DataVerify.m in Sources */,
				5695D6B71D3E28C000AFCC92 /* MBProgressHUD+MBProgressHUD_Category.m in Sources */,
				5695D6EE1D3E28C000AFCC92 /* UITextView+Placeholder.m in Sources */,
				5695D6D61D3E28C000AFCC92 /* TAAbstractDotView.m in Sources */,
				5695D6CE1D3E28C000AFCC92 /* NSString_Extensions.m in Sources */,
				5695D6F21D3E28C000AFCC92 /* UIView+Masonry.m in Sources */,
				5695D6DA1D3E28C000AFCC92 /* TADotView.m in Sources */,
				5695D6EC1D3E28C000AFCC92 /* UITableView+FDTemplateLayoutCell.m in Sources */,
				5695D6AD1D3E28C000AFCC92 /* AFOAuth2RequestSerializer.m in Sources */,
				5695D64C1D3E287000AFCC92 /* ApiService.m in Sources */,
				5695D6561D3E287000AFCC92 /* PopupBaseView.m in Sources */,
				5695D6E81D3E28C000AFCC92 /* UIImage+UIImage.m in Sources */,
				5695D6C41D3E28C000AFCC92 /* UsersModel.m in Sources */,
				5695D6BB1D3E28C000AFCC92 /* CategoryModel.m in Sources */,
				5695D6D21D3E28C000AFCC92 /* UILabel_Extensions.m in Sources */,
				5695D6B91D3E28C000AFCC92 /* MBProgressHUD.m in Sources */,
				5695D6D81D3E28C000AFCC92 /* TAAnimatedDotView.m in Sources */,
			);
			runOnlyForDeploymentPostprocessing = 0;
		};
/* End PBXSourcesBuildPhase section */

/* Begin XCBuildConfiguration section */
		5695D6321D3E278900AFCC92 /* Debug */ = {
			isa = XCBuildConfiguration;
			buildSettings = {
				ALWAYS_SEARCH_USER_PATHS = NO;
				CLANG_ANALYZER_NONNULL = YES;
				CLANG_CXX_LANGUAGE_STANDARD = "gnu++0x";
				CLANG_CXX_LIBRARY = "libc++";
				CLANG_ENABLE_MODULES = YES;
				CLANG_ENABLE_OBJC_ARC = YES;
				CLANG_WARN_BOOL_CONVERSION = YES;
				CLANG_WARN_CONSTANT_CONVERSION = YES;
				CLANG_WARN_DIRECT_OBJC_ISA_USAGE = YES_ERROR;
				CLANG_WARN_EMPTY_BODY = YES;
				CLANG_WARN_ENUM_CONVERSION = YES;
				CLANG_WARN_INT_CONVERSION = YES;
				CLANG_WARN_OBJC_ROOT_CLASS = YES_ERROR;
				CLANG_WARN_UNREACHABLE_CODE = YES;
				CLANG_WARN__DUPLICATE_METHOD_MATCH = YES;
				"CODE_SIGN_IDENTITY[sdk=iphoneos*]" = "iPhone Developer";
				COPY_PHASE_STRIP = NO;
				CURRENT_PROJECT_VERSION = 1;
				DEBUG_INFORMATION_FORMAT = dwarf;
				ENABLE_STRICT_OBJC_MSGSEND = YES;
				ENABLE_TESTABILITY = YES;
				GCC_C_LANGUAGE_STANDARD = gnu99;
				GCC_DYNAMIC_NO_PIC = NO;
				GCC_NO_COMMON_BLOCKS = YES;
				GCC_OPTIMIZATION_LEVEL = 0;
				GCC_PREPROCESSOR_DEFINITIONS = (
					"DEBUG=1",
					"$(inherited)",
				);
				GCC_WARN_64_TO_32_BIT_CONVERSION = YES;
				GCC_WARN_ABOUT_RETURN_TYPE = YES_ERROR;
				GCC_WARN_UNDECLARED_SELECTOR = YES;
				GCC_WARN_UNINITIALIZED_AUTOS = YES_AGGRESSIVE;
				GCC_WARN_UNUSED_FUNCTION = YES;
				GCC_WARN_UNUSED_VARIABLE = YES;
				IPHONEOS_DEPLOYMENT_TARGET = 9.3;
				MTL_ENABLE_DEBUG_INFO = YES;
				ONLY_ACTIVE_ARCH = YES;
				SDKROOT = iphoneos;
				TARGETED_DEVICE_FAMILY = "1,2";
				VERSIONING_SYSTEM = "apple-generic";
				VERSION_INFO_PREFIX = "";
			};
			name = Debug;
		};
		5695D6331D3E278900AFCC92 /* Release */ = {
			isa = XCBuildConfiguration;
			buildSettings = {
				ALWAYS_SEARCH_USER_PATHS = NO;
				CLANG_ANALYZER_NONNULL = YES;
				CLANG_CXX_LANGUAGE_STANDARD = "gnu++0x";
				CLANG_CXX_LIBRARY = "libc++";
				CLANG_ENABLE_MODULES = YES;
				CLANG_ENABLE_OBJC_ARC = YES;
				CLANG_WARN_BOOL_CONVERSION = YES;
				CLANG_WARN_CONSTANT_CONVERSION = YES;
				CLANG_WARN_DIRECT_OBJC_ISA_USAGE = YES_ERROR;
				CLANG_WARN_EMPTY_BODY = YES;
				CLANG_WARN_ENUM_CONVERSION = YES;
				CLANG_WARN_INT_CONVERSION = YES;
				CLANG_WARN_OBJC_ROOT_CLASS = YES_ERROR;
				CLANG_WARN_UNREACHABLE_CODE = YES;
				CLANG_WARN__DUPLICATE_METHOD_MATCH = YES;
				"CODE_SIGN_IDENTITY[sdk=iphoneos*]" = "iPhone Developer";
				COPY_PHASE_STRIP = NO;
				CURRENT_PROJECT_VERSION = 1;
				DEBUG_INFORMATION_FORMAT = "dwarf-with-dsym";
				ENABLE_NS_ASSERTIONS = NO;
				ENABLE_STRICT_OBJC_MSGSEND = YES;
				GCC_C_LANGUAGE_STANDARD = gnu99;
				GCC_NO_COMMON_BLOCKS = YES;
				GCC_WARN_64_TO_32_BIT_CONVERSION = YES;
				GCC_WARN_ABOUT_RETURN_TYPE = YES_ERROR;
				GCC_WARN_UNDECLARED_SELECTOR = YES;
				GCC_WARN_UNINITIALIZED_AUTOS = YES_AGGRESSIVE;
				GCC_WARN_UNUSED_FUNCTION = YES;
				GCC_WARN_UNUSED_VARIABLE = YES;
				IPHONEOS_DEPLOYMENT_TARGET = 9.3;
				MTL_ENABLE_DEBUG_INFO = NO;
				SDKROOT = iphoneos;
				TARGETED_DEVICE_FAMILY = "1,2";
				VALIDATE_PRODUCT = YES;
				VERSIONING_SYSTEM = "apple-generic";
				VERSION_INFO_PREFIX = "";
			};
			name = Release;
		};
		5695D6351D3E278900AFCC92 /* Debug */ = {
			isa = XCBuildConfiguration;
			baseConfigurationReference = FBE88D6C3F34FD9141CC9103 /* Pods-YYBaseLib.debug.xcconfig */;
			buildSettings = {
				DEFINES_MODULE = YES;
				DYLIB_COMPATIBILITY_VERSION = 1;
				DYLIB_CURRENT_VERSION = 1;
				DYLIB_INSTALL_NAME_BASE = "@rpath";
				INFOPLIST_FILE = YYBaseLib/Info.plist;
				INSTALL_PATH = "$(LOCAL_LIBRARY_DIR)/Frameworks";
				IPHONEOS_DEPLOYMENT_TARGET = 8.0;
				LD_RUNPATH_SEARCH_PATHS = "$(inherited) @executable_path/Frameworks @loader_path/Frameworks";
				MACH_O_TYPE = staticlib;
				ONLY_ACTIVE_ARCH = NO;
				PRODUCT_BUNDLE_IDENTIFIER = YYBaseLib;
				PRODUCT_NAME = "$(TARGET_NAME)";
				SKIP_INSTALL = YES;
			};
			name = Debug;
		};
		5695D6361D3E278900AFCC92 /* Release */ = {
			isa = XCBuildConfiguration;
			baseConfigurationReference = B8468141017D91B1C8726C48 /* Pods-YYBaseLib.release.xcconfig */;
			buildSettings = {
				DEFINES_MODULE = YES;
				DYLIB_COMPATIBILITY_VERSION = 1;
				DYLIB_CURRENT_VERSION = 1;
				DYLIB_INSTALL_NAME_BASE = "@rpath";
				INFOPLIST_FILE = YYBaseLib/Info.plist;
				INSTALL_PATH = "$(LOCAL_LIBRARY_DIR)/Frameworks";
				IPHONEOS_DEPLOYMENT_TARGET = 8.0;
				LD_RUNPATH_SEARCH_PATHS = "$(inherited) @executable_path/Frameworks @loader_path/Frameworks";
				MACH_O_TYPE = staticlib;
				PRODUCT_BUNDLE_IDENTIFIER = YYBaseLib;
				PRODUCT_NAME = "$(TARGET_NAME)";
				SKIP_INSTALL = YES;
			};
			name = Release;
		};
		5695D6F51D3E29DD00AFCC92 /* Debug */ = {
			isa = XCBuildConfiguration;
			buildSettings = {
				PRODUCT_NAME = "$(TARGET_NAME)";
			};
			name = Debug;
		};
		5695D6F61D3E29DD00AFCC92 /* Release */ = {
			isa = XCBuildConfiguration;
			buildSettings = {
				PRODUCT_NAME = "$(TARGET_NAME)";
			};
			name = Release;
		};
/* End XCBuildConfiguration section */

/* Begin XCConfigurationList section */
		5695D6261D3E278900AFCC92 /* Build configuration list for PBXProject "YYBaseLib" */ = {
			isa = XCConfigurationList;
			buildConfigurations = (
				5695D6321D3E278900AFCC92 /* Debug */,
				5695D6331D3E278900AFCC92 /* Release */,
			);
			defaultConfigurationIsVisible = 0;
			defaultConfigurationName = Release;
		};
		5695D6341D3E278900AFCC92 /* Build configuration list for PBXNativeTarget "YYBaseLib" */ = {
			isa = XCConfigurationList;
			buildConfigurations = (
				5695D6351D3E278900AFCC92 /* Debug */,
				5695D6361D3E278900AFCC92 /* Release */,
			);
			defaultConfigurationIsVisible = 0;
			defaultConfigurationName = Release;
		};
		5695D6F41D3E29DD00AFCC92 /* Build configuration list for PBXAggregateTarget "Output" */ = {
			isa = XCConfigurationList;
			buildConfigurations = (
				5695D6F51D3E29DD00AFCC92 /* Debug */,
				5695D6F61D3E29DD00AFCC92 /* Release */,
			);
			defaultConfigurationIsVisible = 0;
			defaultConfigurationName = Release;
		};
/* End XCConfigurationList section */
	};
	rootObject = 5695D6231D3E278900AFCC92 /* Project object */;
}
